
Microsoft Visual Studio Solution File, Format Version 12.00
# Visual Studio 15
VisualStudioVersion = 15.0.28307.136
MinimumVisualStudioVersion = 10.0.40219.1
Project("{FAE04EC0-301F-11D3-BF4B-00C04F79EFBC}") = "sunflower-netcore2.0", "sunflower-netcore2.0\sunflower-netcore2.0.csproj", "{AEB5489F-ED16-4D35-8A79-D52161825492}"
EndProject
Global
	GlobalSection(SolutionConfigurationPlatforms) = preSolution
		Debug|Any CPU = Debug|Any CPU
		Release|Any CPU = Release|Any CPU
	EndGlobalSection
	GlobalSection(ProjectConfigurationPlatforms) = postSolution
		{AEB5489F-ED16-4D35-8A79-D52161825492}.Debug|Any CPU.ActiveCfg = Debug|Any CPU
		{AEB5489F-ED16-4D35-8A79-D52161825492}.Debug|Any CPU.Build.0 = Debug|Any CPU
		{AEB5489F-ED16-4D35-8A79-D52161825492}.Release|Any CPU.ActiveCfg = Release|Any CPU
		{AEB5489F-ED16-4D35-8A79-D52161825492}.Release|Any CPU.Build.0 = Release|Any CPU
	EndGlobalSection
	GlobalSection(SolutionProperties) = preSolution
		HideSolutionNode = FALSE
	EndGlobalSection
	GlobalSection(ExtensibilityGlobals) = postSolution
		SolutionGuid = {E1FBD5BC-F6B0-4DD7-98C7-1D310B5837A2}
	EndGlobalSection
EndGlobal
